{
  "originHash" : "8052a8d5e141696c15ebc2e60217e4d60cfe3cf8b59d6cffff4b86968b276f56",
  "pins" : [
    {
      "identity" : "minecraftping",
      "kind" : "remoteSourceControl",
      "location" : "https://github.com/jmshrv/MinecraftPing/",
      "state" : {
        "revision" : "621bd95879329af9df338b85a1c73f3043b83f0a"
      }
    }
  ],
  "version" : 3
}
