// !$*UTF8*$!
{
	archiveVersion = 1;
	classes = {
	};
	objectVersion = 56;
	objects = {

/* Begin PBXBuildFile section */
		1A0699102C4432B200AE7766 /* ServerListTile.swift in Sources */ = {isa = PBXBuildFile; fileRef = 1A1DE8FA2C2F883E0015D585 /* ServerListTile.swift */; };
		1A0699112C4432BF00AE7766 /* ServerListTileViewModel.swift in Sources */ = {isa = PBXBuildFile; fileRef = 1A3817812C3310DD0038142F /* ServerListTileViewModel.swift */; };
		1A0699132C44331200AE7766 /* MinecraftPing in Frameworks */ = {isa = PBXBuildFile; productRef = 1A0699122C44331200AE7766 /* MinecraftPing */; };
		1A0699142C44332900AE7766 /* ModelContainer+previews.swift in Sources */ = {isa = PBXBuildFile; fileRef = 1A7B2B372C31F90D00A40FA6 /* ModelContainer+previews.swift */; };
		1A0B21E22C5AEE3D00C50775 /* ServerAccessoryRectangular.swift in Sources */ = {isa = PBXBuildFile; fileRef = 1A0B21E12C5AEE0400C50775 /* ServerAccessoryRectangular.swift */; };
		1A0B21E42C5AF48C00C50775 /* PlayerCount.swift in Sources */ = {isa = PBXBuildFile; fileRef = 1A0B21E32C5AF48C00C50775 /* PlayerCount.swift */; };
		1A0B21E52C5AF48C00C50775 /* PlayerCount.swift in Sources */ = {isa = PBXBuildFile; fileRef = 1A0B21E32C5AF48C00C50775 /* PlayerCount.swift */; };
		1A0B21E72C5B11F100C50775 /* PlayerSkinList.swift in Sources */ = {isa = PBXBuildFile; fileRef = 1A0B21E62C5B11F100C50775 /* PlayerSkinList.swift */; };
		1A0B21E82C5B11F100C50775 /* PlayerSkinList.swift in Sources */ = {isa = PBXBuildFile; fileRef = 1A0B21E62C5B11F100C50775 /* PlayerSkinList.swift */; };
		1A0B21EA2C5B121A00C50775 /* PlayerSkin.swift in Sources */ = {isa = PBXBuildFile; fileRef = 1A0B21E92C5B121A00C50775 /* PlayerSkin.swift */; };
		1A0B21EB2C5B121A00C50775 /* PlayerSkin.swift in Sources */ = {isa = PBXBuildFile; fileRef = 1A0B21E92C5B121A00C50775 /* PlayerSkin.swift */; };
		1A0B21EC2C5B13F600C50775 /* Assets.xcassets in Resources */ = {isa = PBXBuildFile; fileRef = 1A1DE8DF2C2C98B40015D585 /* Assets.xcassets */; };
		1A1DE8DC2C2C98B30015D585 /* MineCheckApp.swift in Sources */ = {isa = PBXBuildFile; fileRef = 1A1DE8DB2C2C98B30015D585 /* MineCheckApp.swift */; };
		1A1DE8DE2C2C98B30015D585 /* ServerScreen.swift in Sources */ = {isa = PBXBuildFile; fileRef = 1A1DE8DD2C2C98B30015D585 /* ServerScreen.swift */; };
		1A1DE8E02C2C98B40015D585 /* Assets.xcassets in Resources */ = {isa = PBXBuildFile; fileRef = 1A1DE8DF2C2C98B40015D585 /* Assets.xcassets */; };
		1A1DE8E42C2C98B40015D585 /* Preview Assets.xcassets in Resources */ = {isa = PBXBuildFile; fileRef = 1A1DE8E32C2C98B40015D585 /* Preview Assets.xcassets */; };
		1A1DE8EC2C2EF9A60015D585 /* MinecraftPing in Frameworks */ = {isa = PBXBuildFile; productRef = 1A1DE8EB2C2EF9A60015D585 /* MinecraftPing */; };
		1A1DE8EF2C2EFAB20015D585 /* ServerList.swift in Sources */ = {isa = PBXBuildFile; fileRef = 1A1DE8EE2C2EFAB20015D585 /* ServerList.swift */; };
		1A1DE8F12C2EFBAB0015D585 /* AddServerToolbarItem.swift in Sources */ = {isa = PBXBuildFile; fileRef = 1A1DE8F02C2EFBAB0015D585 /* AddServerToolbarItem.swift */; };
		1A1DE8F32C2EFD530015D585 /* AddServerSheet.swift in Sources */ = {isa = PBXBuildFile; fileRef = 1A1DE8F22C2EFD530015D585 /* AddServerSheet.swift */; };
		1A1DE8F62C2F006C0015D585 /* MinecraftServer.swift in Sources */ = {isa = PBXBuildFile; fileRef = 1A1DE8F52C2F006C0015D585 /* MinecraftServer.swift */; };
		1A1DE8FB2C2F883E0015D585 /* ServerListTile.swift in Sources */ = {isa = PBXBuildFile; fileRef = 1A1DE8FA2C2F883E0015D585 /* ServerListTile.swift */; };
		1A3817802C323BB60038142F /* View+if.swift in Sources */ = {isa = PBXBuildFile; fileRef = 1A38177F2C323BB60038142F /* View+if.swift */; };
		1A3817822C3310DD0038142F /* ServerListTileViewModel.swift in Sources */ = {isa = PBXBuildFile; fileRef = 1A3817812C3310DD0038142F /* ServerListTileViewModel.swift */; };
		1A7B2B382C31F90D00A40FA6 /* ModelContainer+previews.swift in Sources */ = {isa = PBXBuildFile; fileRef = 1A7B2B372C31F90D00A40FA6 /* ModelContainer+previews.swift */; };
		1A7C37152C3702F800CB3285 /* WidgetKit.framework in Frameworks */ = {isa = PBXBuildFile; fileRef = 1A7C37142C3702F800CB3285 /* WidgetKit.framework */; };
		1A7C37172C3702F800CB3285 /* SwiftUI.framework in Frameworks */ = {isa = PBXBuildFile; fileRef = 1A7C37162C3702F800CB3285 /* SwiftUI.framework */; };
		1A7C371A2C3702F800CB3285 /* WidgetsBundle.swift in Sources */ = {isa = PBXBuildFile; fileRef = 1A7C37192C3702F800CB3285 /* WidgetsBundle.swift */; };
		1A7C371C2C3702F800CB3285 /* Widgets.swift in Sources */ = {isa = PBXBuildFile; fileRef = 1A7C371B2C3702F800CB3285 /* Widgets.swift */; };
		1A7C371E2C3702F800CB3285 /* AppIntent.swift in Sources */ = {isa = PBXBuildFile; fileRef = 1A7C371D2C3702F800CB3285 /* AppIntent.swift */; };
		1A7C37202C3702F900CB3285 /* Assets.xcassets in Resources */ = {isa = PBXBuildFile; fileRef = 1A7C371F2C3702F900CB3285 /* Assets.xcassets */; };
		1A7C37252C3702F900CB3285 /* WidgetsExtension.appex in Embed Foundation Extensions */ = {isa = PBXBuildFile; fileRef = 1A7C37122C3702F800CB3285 /* WidgetsExtension.appex */; settings = {ATTRIBUTES = (RemoveHeadersOnCopy, ); }; };
		1AD005D72C403D6C00923377 /* RefreshToolbarItem.swift in Sources */ = {isa = PBXBuildFile; fileRef = 1AD005D62C403D6C00923377 /* RefreshToolbarItem.swift */; };
		1AF566372C42FDD700E1B447 /* MinecraftServer.swift in Sources */ = {isa = PBXBuildFile; fileRef = 1A1DE8F52C2F006C0015D585 /* MinecraftServer.swift */; };
/* End PBXBuildFile section */

/* Begin PBXContainerItemProxy section */
		1A7C37232C3702F900CB3285 /* PBXContainerItemProxy */ = {
			isa = PBXContainerItemProxy;
			containerPortal = 1A1DE8D02C2C98B30015D585 /* Project object */;
			proxyType = 1;
			remoteGlobalIDString = 1A7C37112C3702F800CB3285;
			remoteInfo = WidgetsExtension;
		};
/* End PBXContainerItemProxy section */

/* Begin PBXCopyFilesBuildPhase section */
		1A7C37262C3702F900CB3285 /* Embed Foundation Extensions */ = {
			isa = PBXCopyFilesBuildPhase;
			buildActionMask = 2147483647;
			dstPath = "";
			dstSubfolderSpec = 13;
			files = (
				1A7C37252C3702F900CB3285 /* WidgetsExtension.appex in Embed Foundation Extensions */,
			);
			name = "Embed Foundation Extensions";
			runOnlyForDeploymentPostprocessing = 0;
		};
/* End PBXCopyFilesBuildPhase section */

/* Begin PBXFileReference section */
		1A0699152C44335100AE7766 /* SwiftData.framework */ = {isa = PBXFileReference; lastKnownFileType = wrapper.framework; name = SwiftData.framework; path = Platforms/iPhoneOS.platform/Developer/SDKs/iPhoneOS17.5.sdk/System/Library/Frameworks/SwiftData.framework; sourceTree = DEVELOPER_DIR; };
		1A0B21E12C5AEE0400C50775 /* ServerAccessoryRectangular.swift */ = {isa = PBXFileReference; lastKnownFileType = sourcecode.swift; path = ServerAccessoryRectangular.swift; sourceTree = "<group>"; };
		1A0B21E32C5AF48C00C50775 /* PlayerCount.swift */ = {isa = PBXFileReference; lastKnownFileType = sourcecode.swift; path = PlayerCount.swift; sourceTree = "<group>"; };
		1A0B21E62C5B11F100C50775 /* PlayerSkinList.swift */ = {isa = PBXFileReference; lastKnownFileType = sourcecode.swift; path = PlayerSkinList.swift; sourceTree = "<group>"; };
		1A0B21E92C5B121A00C50775 /* PlayerSkin.swift */ = {isa = PBXFileReference; lastKnownFileType = sourcecode.swift; path = PlayerSkin.swift; sourceTree = "<group>"; };
		1A1DE8D82C2C98B30015D585 /* MineCheck.app */ = {isa = PBXFileReference; explicitFileType = wrapper.application; includeInIndex = 0; path = MineCheck.app; sourceTree = BUILT_PRODUCTS_DIR; };
		1A1DE8DB2C2C98B30015D585 /* MineCheckApp.swift */ = {isa = PBXFileReference; lastKnownFileType = sourcecode.swift; path = MineCheckApp.swift; sourceTree = "<group>"; };
		1A1DE8DD2C2C98B30015D585 /* ServerScreen.swift */ = {isa = PBXFileReference; lastKnownFileType = sourcecode.swift; path = ServerScreen.swift; sourceTree = "<group>"; };
		1A1DE8DF2C2C98B40015D585 /* Assets.xcassets */ = {isa = PBXFileReference; lastKnownFileType = folder.assetcatalog; path = Assets.xcassets; sourceTree = "<group>"; };
		1A1DE8E12C2C98B40015D585 /* MineCheck.entitlements */ = {isa = PBXFileReference; lastKnownFileType = text.plist.entitlements; path = MineCheck.entitlements; sourceTree = "<group>"; };
		1A1DE8E32C2C98B40015D585 /* Preview Assets.xcassets */ = {isa = PBXFileReference; lastKnownFileType = folder.assetcatalog; path = "Preview Assets.xcassets"; sourceTree = "<group>"; };
		1A1DE8EE2C2EFAB20015D585 /* ServerList.swift */ = {isa = PBXFileReference; lastKnownFileType = sourcecode.swift; path = ServerList.swift; sourceTree = "<group>"; };
		1A1DE8F02C2EFBAB0015D585 /* AddServerToolbarItem.swift */ = {isa = PBXFileReference; lastKnownFileType = sourcecode.swift; path = AddServerToolbarItem.swift; sourceTree = "<group>"; };
		1A1DE8F22C2EFD530015D585 /* AddServerSheet.swift */ = {isa = PBXFileReference; lastKnownFileType = sourcecode.swift; path = AddServerSheet.swift; sourceTree = "<group>"; };
		1A1DE8F52C2F006C0015D585 /* MinecraftServer.swift */ = {isa = PBXFileReference; lastKnownFileType = sourcecode.swift; path = MinecraftServer.swift; sourceTree = "<group>"; };
		1A1DE8FA2C2F883E0015D585 /* ServerListTile.swift */ = {isa = PBXFileReference; lastKnownFileType = sourcecode.swift; path = ServerListTile.swift; sourceTree = "<group>"; };
		1A38177F2C323BB60038142F /* View+if.swift */ = {isa = PBXFileReference; lastKnownFileType = sourcecode.swift; path = "View+if.swift"; sourceTree = "<group>"; };
		1A3817812C3310DD0038142F /* ServerListTileViewModel.swift */ = {isa = PBXFileReference; lastKnownFileType = sourcecode.swift; path = ServerListTileViewModel.swift; sourceTree = "<group>"; };
		1A7B2B372C31F90D00A40FA6 /* ModelContainer+previews.swift */ = {isa = PBXFileReference; lastKnownFileType = sourcecode.swift; path = "ModelContainer+previews.swift"; sourceTree = "<group>"; };
		1A7C37122C3702F800CB3285 /* WidgetsExtension.appex */ = {isa = PBXFileReference; explicitFileType = "wrapper.app-extension"; includeInIndex = 0; path = WidgetsExtension.appex; sourceTree = BUILT_PRODUCTS_DIR; };
		1A7C37142C3702F800CB3285 /* WidgetKit.framework */ = {isa = PBXFileReference; lastKnownFileType = wrapper.framework; name = WidgetKit.framework; path = /System/Library/Frameworks/WidgetKit.framework; sourceTree = "<absolute>"; };
		1A7C37162C3702F800CB3285 /* SwiftUI.framework */ = {isa = PBXFileReference; lastKnownFileType = wrapper.framework; name = SwiftUI.framework; path = /System/Library/Frameworks/SwiftUI.framework; sourceTree = "<absolute>"; };
		1A7C37192C3702F800CB3285 /* WidgetsBundle.swift */ = {isa = PBXFileReference; lastKnownFileType = sourcecode.swift; path = WidgetsBundle.swift; sourceTree = "<group>"; };
		1A7C371B2C3702F800CB3285 /* Widgets.swift */ = {isa = PBXFileReference; lastKnownFileType = sourcecode.swift; path = Widgets.swift; sourceTree = "<group>"; };
		1A7C371D2C3702F800CB3285 /* AppIntent.swift */ = {isa = PBXFileReference; lastKnownFileType = sourcecode.swift; path = AppIntent.swift; sourceTree = "<group>"; };
		1A7C371F2C3702F900CB3285 /* Assets.xcassets */ = {isa = PBXFileReference; lastKnownFileType = folder.assetcatalog; path = Assets.xcassets; sourceTree = "<group>"; };
		1A7C37212C3702F900CB3285 /* Info.plist */ = {isa = PBXFileReference; lastKnownFileType = text.plist.xml; path = Info.plist; sourceTree = "<group>"; };
		1A7C37222C3702F900CB3285 /* Widgets.entitlements */ = {isa = PBXFileReference; lastKnownFileType = text.plist.entitlements; path = Widgets.entitlements; sourceTree = "<group>"; };
		1AD005D62C403D6C00923377 /* RefreshToolbarItem.swift */ = {isa = PBXFileReference; lastKnownFileType = sourcecode.swift; path = RefreshToolbarItem.swift; sourceTree = "<group>"; };
/* End PBXFileReference section */

/* Begin PBXFrameworksBuildPhase section */
		1A1DE8D52C2C98B30015D585 /* Frameworks */ = {
			isa = PBXFrameworksBuildPhase;
			buildActionMask = 2147483647;
			files = (
				1A1DE8EC2C2EF9A60015D585 /* MinecraftPing in Frameworks */,
			);
			runOnlyForDeploymentPostprocessing = 0;
		};
		1A7C370F2C3702F800CB3285 /* Frameworks */ = {
			isa = PBXFrameworksBuildPhase;
			buildActionMask = 2147483647;
			files = (
				1A0699132C44331200AE7766 /* MinecraftPing in Frameworks */,
				1A7C37172C3702F800CB3285 /* SwiftUI.framework in Frameworks */,
				1A7C37152C3702F800CB3285 /* WidgetKit.framework in Frameworks */,
			);
			runOnlyForDeploymentPostprocessing = 0;
		};
/* End PBXFrameworksBuildPhase section */

/* Begin PBXGroup section */
		1A1DE8CF2C2C98B30015D585 = {
			isa = PBXGroup;
			children = (
				1A1DE8DA2C2C98B30015D585 /* MineCheck */,
				1A7C37182C3702F800CB3285 /* Widgets */,
				1A7C37132C3702F800CB3285 /* Frameworks */,
				1A1DE8D92C2C98B30015D585 /* Products */,
			);
			sourceTree = "<group>";
		};
		1A1DE8D92C2C98B30015D585 /* Products */ = {
			isa = PBXGroup;
			children = (
				1A1DE8D82C2C98B30015D585 /* MineCheck.app */,
				1A7C37122C3702F800CB3285 /* WidgetsExtension.appex */,
			);
			name = Products;
			sourceTree = "<group>";
		};
		1A1DE8DA2C2C98B30015D585 /* MineCheck */ = {
			isa = PBXGroup;
			children = (
				1A7B2B362C31F90000A40FA6 /* Extensions */,
				1A1DE8F42C2F005A0015D585 /* Models */,
				1A1DE8ED2C2EFAA50015D585 /* Views */,
				1A1DE8DB2C2C98B30015D585 /* MineCheckApp.swift */,
				1A1DE8DF2C2C98B40015D585 /* Assets.xcassets */,
				1A1DE8E12C2C98B40015D585 /* MineCheck.entitlements */,
				1A1DE8E22C2C98B40015D585 /* Preview Content */,
			);
			path = MineCheck;
			sourceTree = "<group>";
		};
		1A1DE8E22C2C98B40015D585 /* Preview Content */ = {
			isa = PBXGroup;
			children = (
				1A1DE8E32C2C98B40015D585 /* Preview Assets.xcassets */,
			);
			path = "Preview Content";
			sourceTree = "<group>";
		};
		1A1DE8ED2C2EFAA50015D585 /* Views */ = {
			isa = PBXGroup;
			children = (
				1A1DE8DD2C2C98B30015D585 /* ServerScreen.swift */,
				1A1DE8EE2C2EFAB20015D585 /* ServerList.swift */,
				1A1DE8F02C2EFBAB0015D585 /* AddServerToolbarItem.swift */,
				1A1DE8F22C2EFD530015D585 /* AddServerSheet.swift */,
				1A1DE8FA2C2F883E0015D585 /* ServerListTile.swift */,
				1AD005D62C403D6C00923377 /* RefreshToolbarItem.swift */,
				1A0B21E32C5AF48C00C50775 /* PlayerCount.swift */,
				1A0B21E62C5B11F100C50775 /* PlayerSkinList.swift */,
				1A0B21E92C5B121A00C50775 /* PlayerSkin.swift */,
			);
			path = Views;
			sourceTree = "<group>";
		};
		1A1DE8F42C2F005A0015D585 /* Models */ = {
			isa = PBXGroup;
			children = (
				1A1DE8F52C2F006C0015D585 /* MinecraftServer.swift */,
				1A3817812C3310DD0038142F /* ServerListTileViewModel.swift */,
			);
			path = Models;
			sourceTree = "<group>";
		};
		1A7B2B362C31F90000A40FA6 /* Extensions */ = {
			isa = PBXGroup;
			children = (
				1A7B2B372C31F90D00A40FA6 /* ModelContainer+previews.swift */,
				1A38177F2C323BB60038142F /* View+if.swift */,
			);
			path = Extensions;
			sourceTree = "<group>";
		};
		1A7C37132C3702F800CB3285 /* Frameworks */ = {
			isa = PBXGroup;
			children = (
				1A0699152C44335100AE7766 /* SwiftData.framework */,
				1A7C37142C3702F800CB3285 /* WidgetKit.framework */,
				1A7C37162C3702F800CB3285 /* SwiftUI.framework */,
			);
			name = Frameworks;
			sourceTree = "<group>";
		};
		1A7C37182C3702F800CB3285 /* Widgets */ = {
			isa = PBXGroup;
			children = (
				1A0B21E12C5AEE0400C50775 /* ServerAccessoryRectangular.swift */,
				1A7C37192C3702F800CB3285 /* WidgetsBundle.swift */,
				1A7C371B2C3702F800CB3285 /* Widgets.swift */,
				1A7C371D2C3702F800CB3285 /* AppIntent.swift */,
				1A7C371F2C3702F900CB3285 /* Assets.xcassets */,
				1A7C37212C3702F900CB3285 /* Info.plist */,
				1A7C37222C3702F900CB3285 /* Widgets.entitlements */,
			);
			path = Widgets;
			sourceTree = "<group>";
		};
/* End PBXGroup section */

/* Begin PBXNativeTarget section */
		1A1DE8D72C2C98B30015D585 /* MineCheck */ = {
			isa = PBXNativeTarget;
			buildConfigurationList = 1A1DE8E72C2C98B40015D585 /* Build configuration list for PBXNativeTarget "MineCheck" */;
			buildPhases = (
				1A1DE8D42C2C98B30015D585 /* Sources */,
				1A1DE8D52C2C98B30015D585 /* Frameworks */,
				1A1DE8D62C2C98B30015D585 /* Resources */,
				1A7C37262C3702F900CB3285 /* Embed Foundation Extensions */,
			);
			buildRules = (
			);
			dependencies = (
				1A7C37242C3702F900CB3285 /* PBXTargetDependency */,
			);
			name = MineCheck;
			packageProductDependencies = (
				1A1DE8EB2C2EF9A60015D585 /* MinecraftPing */,
			);
			productName = MineCheck;
			productReference = 1A1DE8D82C2C98B30015D585 /* MineCheck.app */;
			productType = "com.apple.product-type.application";
		};
		1A7C37112C3702F800CB3285 /* WidgetsExtension */ = {
			isa = PBXNativeTarget;
			buildConfigurationList = 1A7C37292C3702F900CB3285 /* Build configuration list for PBXNativeTarget "WidgetsExtension" */;
			buildPhases = (
				1A7C370E2C3702F800CB3285 /* Sources */,
				1A7C370F2C3702F800CB3285 /* Frameworks */,
				1A7C37102C3702F800CB3285 /* Resources */,
			);
			buildRules = (
			);
			dependencies = (
			);
			name = WidgetsExtension;
			packageProductDependencies = (
				1A0699122C44331200AE7766 /* MinecraftPing */,
			);
			productName = WidgetsExtension;
			productReference = 1A7C37122C3702F800CB3285 /* WidgetsExtension.appex */;
			productType = "com.apple.product-type.app-extension";
		};
/* End PBXNativeTarget section */

/* Begin PBXProject section */
		1A1DE8D02C2C98B30015D585 /* Project object */ = {
			isa = PBXProject;
			attributes = {
				BuildIndependentTargetsInParallel = 1;
				LastSwiftUpdateCheck = 1540;
				LastUpgradeCheck = 1540;
				TargetAttributes = {
					1A1DE8D72C2C98B30015D585 = {
						CreatedOnToolsVersion = 15.4;
					};
					1A7C37112C3702F800CB3285 = {
						CreatedOnToolsVersion = 15.4;
					};
				};
			};
			buildConfigurationList = 1A1DE8D32C2C98B30015D585 /* Build configuration list for PBXProject "MineCheck" */;
			compatibilityVersion = "Xcode 14.0";
			developmentRegion = en;
			hasScannedForEncodings = 0;
			knownRegions = (
				en,
				Base,
			);
			mainGroup = 1A1DE8CF2C2C98B30015D585;
			packageReferences = (
				1A1DE8EA2C2EF9A60015D585 /* XCRemoteSwiftPackageReference "MinecraftPing" */,
			);
			productRefGroup = 1A1DE8D92C2C98B30015D585 /* Products */;
			projectDirPath = "";
			projectRoot = "";
			targets = (
				1A1DE8D72C2C98B30015D585 /* MineCheck */,
				1A7C37112C3702F800CB3285 /* WidgetsExtension */,
			);
		};
/* End PBXProject section */

/* Begin PBXResourcesBuildPhase section */
		1A1DE8D62C2C98B30015D585 /* Resources */ = {
			isa = PBXResourcesBuildPhase;
			buildActionMask = 2147483647;
			files = (
				1A1DE8E42C2C98B40015D585 /* Preview Assets.xcassets in Resources */,
				1A1DE8E02C2C98B40015D585 /* Assets.xcassets in Resources */,
			);
			runOnlyForDeploymentPostprocessing = 0;
		};
		1A7C37102C3702F800CB3285 /* Resources */ = {
			isa = PBXResourcesBuildPhase;
			buildActionMask = 2147483647;
			files = (
				1A0B21EC2C5B13F600C50775 /* Assets.xcassets in Resources */,
				1A7C37202C3702F900CB3285 /* Assets.xcassets in Resources */,
			);
			runOnlyForDeploymentPostprocessing = 0;
		};
/* End PBXResourcesBuildPhase section */

/* Begin PBXSourcesBuildPhase section */
		1A1DE8D42C2C98B30015D585 /* Sources */ = {
			isa = PBXSourcesBuildPhase;
			buildActionMask = 2147483647;
			files = (
				1A1DE8FB2C2F883E0015D585 /* ServerListTile.swift in Sources */,
				1A3817822C3310DD0038142F /* ServerListTileViewModel.swift in Sources */,
				1A1DE8DE2C2C98B30015D585 /* ServerScreen.swift in Sources */,
				1A3817802C323BB60038142F /* View+if.swift in Sources */,
				1A1DE8DC2C2C98B30015D585 /* MineCheckApp.swift in Sources */,
				1A0B21E72C5B11F100C50775 /* PlayerSkinList.swift in Sources */,
				1A1DE8EF2C2EFAB20015D585 /* ServerList.swift in Sources */,
				1A7B2B382C31F90D00A40FA6 /* ModelContainer+previews.swift in Sources */,
				1A1DE8F12C2EFBAB0015D585 /* AddServerToolbarItem.swift in Sources */,
				1AD005D72C403D6C00923377 /* RefreshToolbarItem.swift in Sources */,
				1A1DE8F62C2F006C0015D585 /* MinecraftServer.swift in Sources */,
				1A0B21EA2C5B121A00C50775 /* PlayerSkin.swift in Sources */,
				1A0B21E42C5AF48C00C50775 /* PlayerCount.swift in Sources */,
				1A1DE8F32C2EFD530015D585 /* AddServerSheet.swift in Sources */,
			);
			runOnlyForDeploymentPostprocessing = 0;
		};
		1A7C370E2C3702F800CB3285 /* Sources */ = {
			isa = PBXSourcesBuildPhase;
			buildActionMask = 2147483647;
			files = (
				1A0699142C44332900AE7766 /* ModelContainer+previews.swift in Sources */,
				1A0699102C4432B200AE7766 /* ServerListTile.swift in Sources */,
				1AF566372C42FDD700E1B447 /* MinecraftServer.swift in Sources */,
				1A7C371A2C3702F800CB3285 /* WidgetsBundle.swift in Sources */,
				1A0B21E22C5AEE3D00C50775 /* ServerAccessoryRectangular.swift in Sources */,
				1A7C371C2C3702F800CB3285 /* Widgets.swift in Sources */,
				1A7C371E2C3702F800CB3285 /* AppIntent.swift in Sources */,
				1A0B21E82C5B11F100C50775 /* PlayerSkinList.swift in Sources */,
				1A0B21EB2C5B121A00C50775 /* PlayerSkin.swift in Sources */,
				1A0B21E52C5AF48C00C50775 /* PlayerCount.swift in Sources */,
				1A0699112C4432BF00AE7766 /* ServerListTileViewModel.swift in Sources */,
			);
			runOnlyForDeploymentPostprocessing = 0;
		};
/* End PBXSourcesBuildPhase section */

/* Begin PBXTargetDependency section */
		1A7C37242C3702F900CB3285 /* PBXTargetDependency */ = {
			isa = PBXTargetDependency;
			target = 1A7C37112C3702F800CB3285 /* WidgetsExtension */;
			targetProxy = 1A7C37232C3702F900CB3285 /* PBXContainerItemProxy */;
		};
/* End PBXTargetDependency section */

/* Begin XCBuildConfiguration section */
		1A1DE8E52C2C98B40015D585 /* Debug */ = {
			isa = XCBuildConfiguration;
			buildSettings = {
				ALWAYS_SEARCH_USER_PATHS = NO;
				ASSETCATALOG_COMPILER_GENERATE_SWIFT_ASSET_SYMBOL_EXTENSIONS = YES;
				CLANG_ANALYZER_NONNULL = YES;
				CLANG_ANALYZER_NUMBER_OBJECT_CONVERSION = YES_AGGRESSIVE;
				CLANG_CXX_LANGUAGE_STANDARD = "gnu++20";
				CLANG_ENABLE_MODULES = YES;
				CLANG_ENABLE_OBJC_ARC = YES;
				CLANG_ENABLE_OBJC_WEAK = YES;
				CLANG_WARN_BLOCK_CAPTURE_AUTORELEASING = YES;
				CLANG_WARN_BOOL_CONVERSION = YES;
				CLANG_WARN_COMMA = YES;
				CLANG_WARN_CONSTANT_CONVERSION = YES;
				CLANG_WARN_DEPRECATED_OBJC_IMPLEMENTATIONS = YES;
				CLANG_WARN_DIRECT_OBJC_ISA_USAGE = YES_ERROR;
				CLANG_WARN_DOCUMENTATION_COMMENTS = YES;
				CLANG_WARN_EMPTY_BODY = YES;
				CLANG_WARN_ENUM_CONVERSION = YES;
				CLANG_WARN_INFINITE_RECURSION = YES;
				CLANG_WARN_INT_CONVERSION = YES;
				CLANG_WARN_NON_LITERAL_NULL_CONVERSION = YES;
				CLANG_WARN_OBJC_IMPLICIT_RETAIN_SELF = YES;
				CLANG_WARN_OBJC_LITERAL_CONVERSION = YES;
				CLANG_WARN_OBJC_ROOT_CLASS = YES_ERROR;
				CLANG_WARN_QUOTED_INCLUDE_IN_FRAMEWORK_HEADER = YES;
				CLANG_WARN_RANGE_LOOP_ANALYSIS = YES;
				CLANG_WARN_STRICT_PROTOTYPES = YES;
				CLANG_WARN_SUSPICIOUS_MOVE = YES;
				CLANG_WARN_UNGUARDED_AVAILABILITY = YES_AGGRESSIVE;
				CLANG_WARN_UNREACHABLE_CODE = YES;
				CLANG_WARN__DUPLICATE_METHOD_MATCH = YES;
				COPY_PHASE_STRIP = NO;
				DEBUG_INFORMATION_FORMAT = dwarf;
				ENABLE_STRICT_OBJC_MSGSEND = YES;
				ENABLE_TESTABILITY = YES;
				ENABLE_USER_SCRIPT_SANDBOXING = YES;
				GCC_C_LANGUAGE_STANDARD = gnu17;
				GCC_DYNAMIC_NO_PIC = NO;
				GCC_NO_COMMON_BLOCKS = YES;
				GCC_OPTIMIZATION_LEVEL = 0;
				GCC_PREPROCESSOR_DEFINITIONS = (
					"DEBUG=1",
					"$(inherited)",
				);
				GCC_WARN_64_TO_32_BIT_CONVERSION = YES;
				GCC_WARN_ABOUT_RETURN_TYPE = YES_ERROR;
				GCC_WARN_UNDECLARED_SELECTOR = YES;
				GCC_WARN_UNINITIALIZED_AUTOS = YES_AGGRESSIVE;
				GCC_WARN_UNUSED_FUNCTION = YES;
				GCC_WARN_UNUSED_VARIABLE = YES;
				IPHONEOS_DEPLOYMENT_TARGET = 17.0;
				LOCALIZATION_PREFERS_STRING_CATALOGS = YES;
				MACOSX_DEPLOYMENT_TARGET = 14.0;
				MTL_ENABLE_DEBUG_INFO = INCLUDE_SOURCE;
				MTL_FAST_MATH = YES;
				ONLY_ACTIVE_ARCH = YES;
				SWIFT_ACTIVE_COMPILATION_CONDITIONS = "DEBUG $(inherited)";
				SWIFT_OPTIMIZATION_LEVEL = "-Onone";
			};
			name = Debug;
		};
		1A1DE8E62C2C98B40015D585 /* Release */ = {
			isa = XCBuildConfiguration;
			buildSettings = {
				ALWAYS_SEARCH_USER_PATHS = NO;
				ASSETCATALOG_COMPILER_GENERATE_SWIFT_ASSET_SYMBOL_EXTENSIONS = YES;
				CLANG_ANALYZER_NONNULL = YES;
				CLANG_ANALYZER_NUMBER_OBJECT_CONVERSION = YES_AGGRESSIVE;
				CLANG_CXX_LANGUAGE_STANDARD = "gnu++20";
				CLANG_ENABLE_MODULES = YES;
				CLANG_ENABLE_OBJC_ARC = YES;
				CLANG_ENABLE_OBJC_WEAK = YES;
				CLANG_WARN_BLOCK_CAPTURE_AUTORELEASING = YES;
				CLANG_WARN_BOOL_CONVERSION = YES;
				CLANG_WARN_COMMA = YES;
				CLANG_WARN_CONSTANT_CONVERSION = YES;
				CLANG_WARN_DEPRECATED_OBJC_IMPLEMENTATIONS = YES;
				CLANG_WARN_DIRECT_OBJC_ISA_USAGE = YES_ERROR;
				CLANG_WARN_DOCUMENTATION_COMMENTS = YES;
				CLANG_WARN_EMPTY_BODY = YES;
				CLANG_WARN_ENUM_CONVERSION = YES;
				CLANG_WARN_INFINITE_RECURSION = YES;
				CLANG_WARN_INT_CONVERSION = YES;
				CLANG_WARN_NON_LITERAL_NULL_CONVERSION = YES;
				CLANG_WARN_OBJC_IMPLICIT_RETAIN_SELF = YES;
				CLANG_WARN_OBJC_LITERAL_CONVERSION = YES;
				CLANG_WARN_OBJC_ROOT_CLASS = YES_ERROR;
				CLANG_WARN_QUOTED_INCLUDE_IN_FRAMEWORK_HEADER = YES;
				CLANG_WARN_RANGE_LOOP_ANALYSIS = YES;
				CLANG_WARN_STRICT_PROTOTYPES = YES;
				CLANG_WARN_SUSPICIOUS_MOVE = YES;
				CLANG_WARN_UNGUARDED_AVAILABILITY = YES_AGGRESSIVE;
				CLANG_WARN_UNREACHABLE_CODE = YES;
				CLANG_WARN__DUPLICATE_METHOD_MATCH = YES;
				COPY_PHASE_STRIP = NO;
				DEBUG_INFORMATION_FORMAT = "dwarf-with-dsym";
				ENABLE_NS_ASSERTIONS = NO;
				ENABLE_STRICT_OBJC_MSGSEND = YES;
				ENABLE_USER_SCRIPT_SANDBOXING = YES;
				GCC_C_LANGUAGE_STANDARD = gnu17;
				GCC_NO_COMMON_BLOCKS = YES;
				GCC_WARN_64_TO_32_BIT_CONVERSION = YES;
				GCC_WARN_ABOUT_RETURN_TYPE = YES_ERROR;
				GCC_WARN_UNDECLARED_SELECTOR = YES;
				GCC_WARN_UNINITIALIZED_AUTOS = YES_AGGRESSIVE;
				GCC_WARN_UNUSED_FUNCTION = YES;
				GCC_WARN_UNUSED_VARIABLE = YES;
				IPHONEOS_DEPLOYMENT_TARGET = 17.0;
				LOCALIZATION_PREFERS_STRING_CATALOGS = YES;
				MACOSX_DEPLOYMENT_TARGET = 14.0;
				MTL_ENABLE_DEBUG_INFO = NO;
				MTL_FAST_MATH = YES;
				SWIFT_COMPILATION_MODE = wholemodule;
			};
			name = Release;
		};
		1A1DE8E82C2C98B40015D585 /* Debug */ = {
			isa = XCBuildConfiguration;
			buildSettings = {
				ALWAYS_EMBED_SWIFT_STANDARD_LIBRARIES = YES;
				ASSETCATALOG_COMPILER_APPICON_NAME = AppIcon;
				ASSETCATALOG_COMPILER_GLOBAL_ACCENT_COLOR_NAME = AccentColor;
				CODE_SIGN_ENTITLEMENTS = MineCheck/MineCheck.entitlements;
				CODE_SIGN_STYLE = Automatic;
				CURRENT_PROJECT_VERSION = 3;
				DEVELOPMENT_ASSET_PATHS = "\"MineCheck/Preview Content\"";
				DEVELOPMENT_TEAM = PFNS8PTRM7;
				ENABLE_HARDENED_RUNTIME = YES;
				ENABLE_PREVIEWS = YES;
				GENERATE_INFOPLIST_FILE = YES;
				INFOPLIST_FILE = MineCheck/Info.plist;
				"INFOPLIST_KEY_UIApplicationSceneManifest_Generation[sdk=iphoneos*]" = YES;
				"INFOPLIST_KEY_UIApplicationSceneManifest_Generation[sdk=iphonesimulator*]" = YES;
				"INFOPLIST_KEY_UIApplicationSupportsIndirectInputEvents[sdk=iphoneos*]" = YES;
				"INFOPLIST_KEY_UIApplicationSupportsIndirectInputEvents[sdk=iphonesimulator*]" = YES;
				"INFOPLIST_KEY_UILaunchScreen_Generation[sdk=iphoneos*]" = YES;
				"INFOPLIST_KEY_UILaunchScreen_Generation[sdk=iphonesimulator*]" = YES;
				"INFOPLIST_KEY_UIStatusBarStyle[sdk=iphoneos*]" = UIStatusBarStyleDefault;
				"INFOPLIST_KEY_UIStatusBarStyle[sdk=iphonesimulator*]" = UIStatusBarStyleDefault;
				INFOPLIST_KEY_UISupportedInterfaceOrientations_iPad = "UIInterfaceOrientationPortrait UIInterfaceOrientationPortraitUpsideDown UIInterfaceOrientationLandscapeLeft UIInterfaceOrientationLandscapeRight";
				IPHONEOS_DEPLOYMENT_TARGET = 17.0;
				LD_RUNPATH_SEARCH_PATHS = "@executable_path/Frameworks";
				"LD_RUNPATH_SEARCH_PATHS[sdk=macosx*]" = "@executable_path/../Frameworks";
				MACOSX_DEPLOYMENT_TARGET = 14.0;
				MARKETING_VERSION = 1.1;
				PRODUCT_BUNDLE_IDENTIFIER = com.unicornsonlsd.MineCheck;
				PRODUCT_NAME = "$(TARGET_NAME)";
				SDKROOT = auto;
				SUPPORTED_PLATFORMS = "iphoneos iphonesimulator macosx";
				SWIFT_EMIT_LOC_STRINGS = YES;
				SWIFT_VERSION = 5.0;
				TARGETED_DEVICE_FAMILY = "1,2";
			};
			name = Debug;
		};
		1A1DE8E92C2C98B40015D585 /* Release */ = {
			isa = XCBuildConfiguration;
			buildSettings = {
				ALWAYS_EMBED_SWIFT_STANDARD_LIBRARIES = YES;
				ASSETCATALOG_COMPILER_APPICON_NAME = AppIcon;
				ASSETCATALOG_COMPILER_GLOBAL_ACCENT_COLOR_NAME = AccentColor;
				CODE_SIGN_ENTITLEMENTS = MineCheck/MineCheck.entitlements;
				CODE_SIGN_STYLE = Automatic;
				CURRENT_PROJECT_VERSION = 3;
				DEVELOPMENT_ASSET_PATHS = "\"MineCheck/Preview Content\"";
				DEVELOPMENT_TEAM = PFNS8PTRM7;
				ENABLE_HARDENED_RUNTIME = YES;
				ENABLE_PREVIEWS = YES;
				GENERATE_INFOPLIST_FILE = YES;
				INFOPLIST_FILE = MineCheck/Info.plist;
				"INFOPLIST_KEY_UIApplicationSceneManifest_Generation[sdk=iphoneos*]" = YES;
				"INFOPLIST_KEY_UIApplicationSceneManifest_Generation[sdk=iphonesimulator*]" = YES;
				"INFOPLIST_KEY_UIApplicationSupportsIndirectInputEvents[sdk=iphoneos*]" = YES;
				"INFOPLIST_KEY_UIApplicationSupportsIndirectInputEvents[sdk=iphonesimulator*]" = YES;
				"INFOPLIST_KEY_UILaunchScreen_Generation[sdk=iphoneos*]" = YES;
				"INFOPLIST_KEY_UILaunchScreen_Generation[sdk=iphonesimulator*]" = YES;
				"INFOPLIST_KEY_UIStatusBarStyle[sdk=iphoneos*]" = UIStatusBarStyleDefault;
				"INFOPLIST_KEY_UIStatusBarStyle[sdk=iphonesimulator*]" = UIStatusBarStyleDefault;
				INFOPLIST_KEY_UISupportedInterfaceOrientations_iPad = "UIInterfaceOrientationPortrait UIInterfaceOrientationPortraitUpsideDown UIInterfaceOrientationLandscapeLeft UIInterfaceOrientationLandscapeRight";
				IPHONEOS_DEPLOYMENT_TARGET = 17.0;
				LD_RUNPATH_SEARCH_PATHS = "@executable_path/Frameworks";
				"LD_RUNPATH_SEARCH_PATHS[sdk=macosx*]" = "@executable_path/../Frameworks";
				MACOSX_DEPLOYMENT_TARGET = 14.0;
				MARKETING_VERSION = 1.1;
				PRODUCT_BUNDLE_IDENTIFIER = com.unicornsonlsd.MineCheck;
				PRODUCT_NAME = "$(TARGET_NAME)";
				SDKROOT = auto;
				SUPPORTED_PLATFORMS = "iphoneos iphonesimulator macosx";
				SWIFT_EMIT_LOC_STRINGS = YES;
				SWIFT_VERSION = 5.0;
				TARGETED_DEVICE_FAMILY = "1,2";
			};
			name = Release;
		};
		1A7C37272C3702F900CB3285 /* Debug */ = {
			isa = XCBuildConfiguration;
			buildSettings = {
				ASSETCATALOG_COMPILER_GLOBAL_ACCENT_COLOR_NAME = AccentColor;
				ASSETCATALOG_COMPILER_WIDGET_BACKGROUND_COLOR_NAME = WidgetBackground;
				CODE_SIGN_ENTITLEMENTS = Widgets/Widgets.entitlements;
				CODE_SIGN_STYLE = Automatic;
				CURRENT_PROJECT_VERSION = 1;
				DEVELOPMENT_TEAM = PFNS8PTRM7;
				ENABLE_HARDENED_RUNTIME = YES;
				GENERATE_INFOPLIST_FILE = YES;
				INFOPLIST_FILE = Widgets/Info.plist;
				INFOPLIST_KEY_CFBundleDisplayName = Widgets;
				INFOPLIST_KEY_NSHumanReadableCopyright = "";
				IPHONEOS_DEPLOYMENT_TARGET = 17.0;
				LD_RUNPATH_SEARCH_PATHS = (
					"$(inherited)",
					"@executable_path/Frameworks",
					"@executable_path/../../Frameworks",
				);
				"LD_RUNPATH_SEARCH_PATHS[sdk=macosx*]" = (
					"$(inherited)",
					"@executable_path/../Frameworks",
					"@executable_path/../../../../Frameworks",
				);
				MACOSX_DEPLOYMENT_TARGET = 14.0;
				MARKETING_VERSION = 1.0;
				PRODUCT_BUNDLE_IDENTIFIER = com.unicornsonlsd.MineCheck.Widgets;
				PRODUCT_NAME = "$(TARGET_NAME)";
				SDKROOT = auto;
				SKIP_INSTALL = YES;
				SUPPORTED_PLATFORMS = "iphoneos iphonesimulator macosx";
				SWIFT_EMIT_LOC_STRINGS = YES;
				SWIFT_VERSION = 5.0;
				TARGETED_DEVICE_FAMILY = "1,2";
			};
			name = Debug;
		};
		1A7C37282C3702F900CB3285 /* Release */ = {
			isa = XCBuildConfiguration;
			buildSettings = {
				ASSETCATALOG_COMPILER_GLOBAL_ACCENT_COLOR_NAME = AccentColor;
				ASSETCATALOG_COMPILER_WIDGET_BACKGROUND_COLOR_NAME = WidgetBackground;
				CODE_SIGN_ENTITLEMENTS = Widgets/Widgets.entitlements;
				CODE_SIGN_STYLE = Automatic;
				CURRENT_PROJECT_VERSION = 1;
				DEVELOPMENT_TEAM = PFNS8PTRM7;
				ENABLE_HARDENED_RUNTIME = YES;
				GENERATE_INFOPLIST_FILE = YES;
				INFOPLIST_FILE = Widgets/Info.plist;
				INFOPLIST_KEY_CFBundleDisplayName = Widgets;
				INFOPLIST_KEY_NSHumanReadableCopyright = "";
				IPHONEOS_DEPLOYMENT_TARGET = 17.0;
				LD_RUNPATH_SEARCH_PATHS = (
					"$(inherited)",
					"@executable_path/Frameworks",
					"@executable_path/../../Frameworks",
				);
				"LD_RUNPATH_SEARCH_PATHS[sdk=macosx*]" = (
					"$(inherited)",
					"@executable_path/../Frameworks",
					"@executable_path/../../../../Frameworks",
				);
				MACOSX_DEPLOYMENT_TARGET = 14.0;
				MARKETING_VERSION = 1.0;
				PRODUCT_BUNDLE_IDENTIFIER = com.unicornsonlsd.MineCheck.Widgets;
				PRODUCT_NAME = "$(TARGET_NAME)";
				SDKROOT = auto;
				SKIP_INSTALL = YES;
				SUPPORTED_PLATFORMS = "iphoneos iphonesimulator macosx";
				SWIFT_EMIT_LOC_STRINGS = YES;
				SWIFT_VERSION = 5.0;
				TARGETED_DEVICE_FAMILY = "1,2";
			};
			name = Release;
		};
/* End XCBuildConfiguration section */

/* Begin XCConfigurationList section */
		1A1DE8D32C2C98B30015D585 /* Build configuration list for PBXProject "MineCheck" */ = {
			isa = XCConfigurationList;
			buildConfigurations = (
				1A1DE8E52C2C98B40015D585 /* Debug */,
				1A1DE8E62C2C98B40015D585 /* Release */,
			);
			defaultConfigurationIsVisible = 0;
			defaultConfigurationName = Release;
		};
		1A1DE8E72C2C98B40015D585 /* Build configuration list for PBXNativeTarget "MineCheck" */ = {
			isa = XCConfigurationList;
			buildConfigurations = (
				1A1DE8E82C2C98B40015D585 /* Debug */,
				1A1DE8E92C2C98B40015D585 /* Release */,
			);
			defaultConfigurationIsVisible = 0;
			defaultConfigurationName = Release;
		};
		1A7C37292C3702F900CB3285 /* Build configuration list for PBXNativeTarget "WidgetsExtension" */ = {
			isa = XCConfigurationList;
			buildConfigurations = (
				1A7C37272C3702F900CB3285 /* Debug */,
				1A7C37282C3702F900CB3285 /* Release */,
			);
			defaultConfigurationIsVisible = 0;
			defaultConfigurationName = Release;
		};
/* End XCConfigurationList section */

/* Begin XCRemoteSwiftPackageReference section */
		1A1DE8EA2C2EF9A60015D585 /* XCRemoteSwiftPackageReference "MinecraftPing" */ = {
			isa = XCRemoteSwiftPackageReference;
			repositoryURL = "https://github.com/jmshrv/MinecraftPing/";
			requirement = {
				kind = revision;
				revision = fc5364359e786886b5cc24f20f8d928a15368157;
			};
		};
/* End XCRemoteSwiftPackageReference section */

/* Begin XCSwiftPackageProductDependency section */
		1A0699122C44331200AE7766 /* MinecraftPing */ = {
			isa = XCSwiftPackageProductDependency;
			package = 1A1DE8EA2C2EF9A60015D585 /* XCRemoteSwiftPackageReference "MinecraftPing" */;
			productName = MinecraftPing;
		};
		1A1DE8EB2C2EF9A60015D585 /* MinecraftPing */ = {
			isa = XCSwiftPackageProductDependency;
			package = 1A1DE8EA2C2EF9A60015D585 /* XCRemoteSwiftPackageReference "MinecraftPing" */;
			productName = MinecraftPing;
		};
/* End XCSwiftPackageProductDependency section */
	};
	rootObject = 1A1DE8D02C2C98B30015D585 /* Project object */;
}
